
Microsoft Visual Studio Solution File, Format Version 12.00
# Visual Studio Version 17
VisualStudioVersion = 17.3.32922.545
MinimumVisualStudioVersion = 10.0.40219.1
Project("{FAE04EC0-301F-11D3-BF4B-00C04F79EFBC}") = "BookLibrary", "LibraryApp\BookLibrary.csproj", "{59E95BB9-4EF2-43DE-A188-131BB8D7EE8D}"
EndProject
Project("{FAE04EC0-301F-11D3-BF4B-00C04F79EFBC}") = "EntityFramework", "EntityFramework\EntityFramework.csproj", "{30C0148C-9754-462E-83D7-D8EADD2AD953}"
EndProject
Global
	GlobalSection(SolutionConfigurationPlatforms) = preSolution
		Debug|Any CPU = Debug|Any CPU
		Release|Any CPU = Release|Any CPU
	EndGlobalSection
	GlobalSection(ProjectConfigurationPlatforms) = postSolution
		{59E95BB9-4EF2-43DE-A188-131BB8D7EE8D}.Debug|Any CPU.ActiveCfg = Debug|Any CPU
		{59E95BB9-4EF2-43DE-A188-131BB8D7EE8D}.Debug|Any CPU.Build.0 = Debug|Any CPU
		{59E95BB9-4EF2-43DE-A188-131BB8D7EE8D}.Release|Any CPU.ActiveCfg = Release|Any CPU
		{59E95BB9-4EF2-43DE-A188-131BB8D7EE8D}.Release|Any CPU.Build.0 = Release|Any CPU
		{30C0148C-9754-462E-83D7-D8EADD2AD953}.Debug|Any CPU.ActiveCfg = Debug|Any CPU
		{30C0148C-9754-462E-83D7-D8EADD2AD953}.Debug|Any CPU.Build.0 = Debug|Any CPU
		{30C0148C-9754-462E-83D7-D8EADD2AD953}.Release|Any CPU.ActiveCfg = Release|Any CPU
		{30C0148C-9754-462E-83D7-D8EADD2AD953}.Release|Any CPU.Build.0 = Release|Any CPU
	EndGlobalSection
	GlobalSection(SolutionProperties) = preSolution
		HideSolutionNode = FALSE
	EndGlobalSection
	GlobalSection(ExtensibilityGlobals) = postSolution
		SolutionGuid = {649715FB-2476-4D3C-97F0-160FCDC862A9}
	EndGlobalSection
EndGlobal
